
Microsoft Visual Studio Solution File, Format Version 12.00
Project("{FAE04EC0-301F-11D3-BF4B-00C04F79EFBC}") = "DungeonSlime", "DungeonSlime\DungeonSlime.csproj", "{EDE32F93-D9A4-4F0B-BE57-3CD58B110D7E}"
EndProject
Global
	GlobalSection(SolutionConfigurationPlatforms) = preSolution
		Debug|Any CPU = Debug|Any CPU
		Release|Any CPU = Release|Any CPU
	EndGlobalSection
	GlobalSection(ProjectConfigurationPlatforms) = postSolution
		{EDE32F93-D9A4-4F0B-BE57-3CD58B110D7E}.Debug|Any CPU.ActiveCfg = Debug|Any CPU
		{EDE32F93-D9A4-4F0B-BE57-3CD58B110D7E}.Debug|Any CPU.Build.0 = Debug|Any CPU
		{EDE32F93-D9A4-4F0B-BE57-3CD58B110D7E}.Release|Any CPU.ActiveCfg = Release|Any CPU
		{EDE32F93-D9A4-4F0B-BE57-3CD58B110D7E}.Release|Any CPU.Build.0 = Release|Any CPU
	EndGlobalSection
EndGlobal
